# This file is automatically @generated by Cargo.
# It is not intended for manual editing.
version = 3

[[package]]
name = "forward_ref_generic"
version = "0.2.1"
source = "registry+https://github.com/rust-lang/crates.io-index"
checksum = "d39b515240e7f7e94b1c3471425f0778762d2f98de03e846bd4221c856752209"

[[package]]
name = "ranged_wrapping"
version = "0.0.1"
dependencies = [
 "forward_ref_generic",
]
